
Microsoft Visual Studio Solution File, Format Version 12.00
# Visual Studio 15
VisualStudioVersion = 15.0.26124.0
MinimumVisualStudioVersion = 15.0.26124.0
Project("{2150E333-8FDC-42A3-9474-1A3956D46DE8}") = "src", "src", "{CC73E5D0-AFB9-4D62-87B8-90B483A9CABF}"
EndProject
Project("{FAE04EC0-301F-11D3-BF4B-00C04F79EFBC}") = "DataStructures.Main", "src\DataStructures.Main\DataStructures.Main.csproj", "{F4D84863-7264-4170-B231-A897F8F5B101}"
EndProject
Project("{2150E333-8FDC-42A3-9474-1A3956D46DE8}") = "Main", "Main", "{5BB8FD8C-37DF-403A-83AA-A6A0A0F9885F}"
EndProject
Project("{2150E333-8FDC-42A3-9474-1A3956D46DE8}") = "tests", "tests", "{C1B82151-B18E-4465-8207-02F6EF26FD18}"
EndProject
Project("{FAE04EC0-301F-11D3-BF4B-00C04F79EFBC}") = "DataStructures.Stack.Tests", "tests\DataStructures.Stack.Tests\DataStructures.Stack.Tests.csproj", "{3D7DEA9E-1559-4918-9B7F-5708D976AADF}"
EndProject
Project("{2150E333-8FDC-42A3-9474-1A3956D46DE8}") = "Collections", "Collections", "{4697D006-AFE5-42A8-A379-BA8736EF4E16}"
EndProject
Project("{FAE04EC0-301F-11D3-BF4B-00C04F79EFBC}") = "DataStructures.Collections.Stack", "src\DataStructures.Collections.Stack\DataStructures.Collections.Stack.csproj", "{DB4F9CED-79D0-445F-B770-01B9CAA27D65}"
EndProject
Global
	GlobalSection(SolutionConfigurationPlatforms) = preSolution
		Debug|Any CPU = Debug|Any CPU
		Debug|x64 = Debug|x64
		Debug|x86 = Debug|x86
		Release|Any CPU = Release|Any CPU
		Release|x64 = Release|x64
		Release|x86 = Release|x86
	EndGlobalSection
	GlobalSection(SolutionProperties) = preSolution
		HideSolutionNode = FALSE
	EndGlobalSection
	GlobalSection(ProjectConfigurationPlatforms) = postSolution
		{F4D84863-7264-4170-B231-A897F8F5B101}.Debug|Any CPU.ActiveCfg = Debug|Any CPU
		{F4D84863-7264-4170-B231-A897F8F5B101}.Debug|Any CPU.Build.0 = Debug|Any CPU
		{F4D84863-7264-4170-B231-A897F8F5B101}.Debug|x64.ActiveCfg = Debug|Any CPU
		{F4D84863-7264-4170-B231-A897F8F5B101}.Debug|x64.Build.0 = Debug|Any CPU
		{F4D84863-7264-4170-B231-A897F8F5B101}.Debug|x86.ActiveCfg = Debug|Any CPU
		{F4D84863-7264-4170-B231-A897F8F5B101}.Debug|x86.Build.0 = Debug|Any CPU
		{F4D84863-7264-4170-B231-A897F8F5B101}.Release|Any CPU.ActiveCfg = Release|Any CPU
		{F4D84863-7264-4170-B231-A897F8F5B101}.Release|Any CPU.Build.0 = Release|Any CPU
		{F4D84863-7264-4170-B231-A897F8F5B101}.Release|x64.ActiveCfg = Release|Any CPU
		{F4D84863-7264-4170-B231-A897F8F5B101}.Release|x64.Build.0 = Release|Any CPU
		{F4D84863-7264-4170-B231-A897F8F5B101}.Release|x86.ActiveCfg = Release|Any CPU
		{F4D84863-7264-4170-B231-A897F8F5B101}.Release|x86.Build.0 = Release|Any CPU
		{3D7DEA9E-1559-4918-9B7F-5708D976AADF}.Debug|Any CPU.ActiveCfg = Debug|Any CPU
		{3D7DEA9E-1559-4918-9B7F-5708D976AADF}.Debug|Any CPU.Build.0 = Debug|Any CPU
		{3D7DEA9E-1559-4918-9B7F-5708D976AADF}.Debug|x64.ActiveCfg = Debug|Any CPU
		{3D7DEA9E-1559-4918-9B7F-5708D976AADF}.Debug|x64.Build.0 = Debug|Any CPU
		{3D7DEA9E-1559-4918-9B7F-5708D976AADF}.Debug|x86.ActiveCfg = Debug|Any CPU
		{3D7DEA9E-1559-4918-9B7F-5708D976AADF}.Debug|x86.Build.0 = Debug|Any CPU
		{3D7DEA9E-1559-4918-9B7F-5708D976AADF}.Release|Any CPU.ActiveCfg = Release|Any CPU
		{3D7DEA9E-1559-4918-9B7F-5708D976AADF}.Release|Any CPU.Build.0 = Release|Any CPU
		{3D7DEA9E-1559-4918-9B7F-5708D976AADF}.Release|x64.ActiveCfg = Release|Any CPU
		{3D7DEA9E-1559-4918-9B7F-5708D976AADF}.Release|x64.Build.0 = Release|Any CPU
		{3D7DEA9E-1559-4918-9B7F-5708D976AADF}.Release|x86.ActiveCfg = Release|Any CPU
		{3D7DEA9E-1559-4918-9B7F-5708D976AADF}.Release|x86.Build.0 = Release|Any CPU
		{DB4F9CED-79D0-445F-B770-01B9CAA27D65}.Debug|Any CPU.ActiveCfg = Debug|Any CPU
		{DB4F9CED-79D0-445F-B770-01B9CAA27D65}.Debug|Any CPU.Build.0 = Debug|Any CPU
		{DB4F9CED-79D0-445F-B770-01B9CAA27D65}.Debug|x64.ActiveCfg = Debug|Any CPU
		{DB4F9CED-79D0-445F-B770-01B9CAA27D65}.Debug|x64.Build.0 = Debug|Any CPU
		{DB4F9CED-79D0-445F-B770-01B9CAA27D65}.Debug|x86.ActiveCfg = Debug|Any CPU
		{DB4F9CED-79D0-445F-B770-01B9CAA27D65}.Debug|x86.Build.0 = Debug|Any CPU
		{DB4F9CED-79D0-445F-B770-01B9CAA27D65}.Release|Any CPU.ActiveCfg = Release|Any CPU
		{DB4F9CED-79D0-445F-B770-01B9CAA27D65}.Release|Any CPU.Build.0 = Release|Any CPU
		{DB4F9CED-79D0-445F-B770-01B9CAA27D65}.Release|x64.ActiveCfg = Release|Any CPU
		{DB4F9CED-79D0-445F-B770-01B9CAA27D65}.Release|x64.Build.0 = Release|Any CPU
		{DB4F9CED-79D0-445F-B770-01B9CAA27D65}.Release|x86.ActiveCfg = Release|Any CPU
		{DB4F9CED-79D0-445F-B770-01B9CAA27D65}.Release|x86.Build.0 = Release|Any CPU
	EndGlobalSection
	GlobalSection(NestedProjects) = preSolution
		{5BB8FD8C-37DF-403A-83AA-A6A0A0F9885F} = {CC73E5D0-AFB9-4D62-87B8-90B483A9CABF}
		{F4D84863-7264-4170-B231-A897F8F5B101} = {5BB8FD8C-37DF-403A-83AA-A6A0A0F9885F}
		{3D7DEA9E-1559-4918-9B7F-5708D976AADF} = {C1B82151-B18E-4465-8207-02F6EF26FD18}
		{4697D006-AFE5-42A8-A379-BA8736EF4E16} = {CC73E5D0-AFB9-4D62-87B8-90B483A9CABF}
		{DB4F9CED-79D0-445F-B770-01B9CAA27D65} = {4697D006-AFE5-42A8-A379-BA8736EF4E16}
	EndGlobalSection
EndGlobal
